{
  "nodes": {
    "nixpkgs": {
      "locked": {
        "lastModified": 1652559422,
        "narHash": "sha256-jPVTNImBTUIFdtur+d4IVot6eXmsvtOcBm0TzxmhWPk=",
        "owner": "nixos",
        "repo": "nixpkgs",
        "rev": "8b3398bc7587ebb79f93dfeea1b8c574d3c6dba1",
        "type": "github"
      },
      "original": {
        "owner": "nixos",
        "ref": "nixos-21.11",
        "repo": "nixpkgs",
        "type": "github"
      }
    },
    "nixpkgs-shim-images": {
      "inputs": {
        "nixpkgs": [
          "nixpkgs"
        ]
      },
      "locked": {
        "lastModified": 1,
        "narHash": "sha256-ESgwSza2h+/CHMYaD7V/7eU+hOd7e745NkCjsHClIFg=",
        "path": "./nixpkgs-shim-images",
        "type": "path"
      },
      "original": {
        "path": "./nixpkgs-shim-images",
        "type": "path"
      }
    },
    "nixpkgs-shim-modules": {
      "inputs": {
        "nixpkgs": [
          "nixpkgs"
        ]
      },
      "locked": {
        "lastModified": 1,
        "narHash": "sha256-167sNL43ZhTAR9B4MsT5Vw3hiRivbs4TRVgzLEtKMGU=",
        "path": "./nixpkgs-shim-modules",
        "type": "path"
      },
      "original": {
        "path": "./nixpkgs-shim-modules",
        "type": "path"
      }
    },
    "nixpkgs-shim-profiles": {
      "inputs": {
        "nixpkgs": [
          "nixpkgs"
        ]
      },
      "locked": {
        "lastModified": 1,
        "narHash": "sha256-tFZ2JgxEgyRXuWhMKXwRr9x9cyf6tcHeG0ioJaQqHzY=",
        "path": "./nixpkgs-shim-profiles",
        "type": "path"
      },
      "original": {
        "path": "./nixpkgs-shim-profiles",
        "type": "path"
      }
    },
    "root": {
      "inputs": {
        "nixpkgs": "nixpkgs",
        "nixpkgs-shim-images": "nixpkgs-shim-images",
        "nixpkgs-shim-modules": "nixpkgs-shim-modules",
        "nixpkgs-shim-profiles": "nixpkgs-shim-profiles"
      }
    }
  },
  "root": "root",
  "version": 7
}
